Microsoft Visual Studio Solution File, Format Version 12.00
# Visual Studio Version 17
VisualStudioVersion = 17.5.2.0
MinimumVisualStudioVersion = 10.0.40219.1
Project("{FAE04EC0-301F-11D3-BF4B-00C04F79EFBC}") = "route-planning", "route-planning.csproj", "{521ECCD6-3A26-EFE9-4E07-C377D2E64499}"
EndProject
Global
	GlobalSection(SolutionConfigurationPlatforms) = preSolution
		Debug|Any CPU = Debug|Any CPU
		Release|Any CPU = Release|Any CPU
	EndGlobalSection
	GlobalSection(ProjectConfigurationPlatforms) = postSolution
		{521ECCD6-3A26-EFE9-4E07-C377D2E64499}.Debug|Any CPU.ActiveCfg = Debug|Any CPU
		{521ECCD6-3A26-EFE9-4E07-C377D2E64499}.Debug|Any CPU.Build.0 = Debug|Any CPU
		{521ECCD6-3A26-EFE9-4E07-C377D2E64499}.Release|Any CPU.ActiveCfg = Release|Any CPU
		{521ECCD6-3A26-EFE9-4E07-C377D2E64499}.Release|Any CPU.Build.0 = Release|Any CPU
	EndGlobalSection
	GlobalSection(SolutionProperties) = preSolution
		HideSolutionNode = FALSE
	EndGlobalSection
	GlobalSection(ExtensibilityGlobals) = postSolution
		SolutionGuid = {CEB09110-5DA3-40E5-8B9A-F858E9744F18}
	EndGlobalSection
EndGlobal
