Microsoft Visual Studio Solution File, Format Version 12.00
# Visual Studio Version 17
VisualStudioVersion = 17.5.2.0
MinimumVisualStudioVersion = 10.0.40219.1
Project("{FAE04EC0-301F-11D3-BF4B-00C04F79EFBC}") = "Image", "Image.csproj", "{BF3A2905-C768-1671-A015-3237A1B15A98}"
EndProject
Global
	GlobalSection(SolutionConfigurationPlatforms) = preSolution
		Debug|Any CPU = Debug|Any CPU
		Release|Any CPU = Release|Any CPU
	EndGlobalSection
	GlobalSection(ProjectConfigurationPlatforms) = postSolution
		{BF3A2905-C768-1671-A015-3237A1B15A98}.Debug|Any CPU.ActiveCfg = Debug|Any CPU
		{BF3A2905-C768-1671-A015-3237A1B15A98}.Debug|Any CPU.Build.0 = Debug|Any CPU
		{BF3A2905-C768-1671-A015-3237A1B15A98}.Release|Any CPU.ActiveCfg = Release|Any CPU
		{BF3A2905-C768-1671-A015-3237A1B15A98}.Release|Any CPU.Build.0 = Release|Any CPU
	EndGlobalSection
	GlobalSection(SolutionProperties) = preSolution
		HideSolutionNode = FALSE
	EndGlobalSection
	GlobalSection(ExtensibilityGlobals) = postSolution
		SolutionGuid = {9A33851D-453C-438A-9367-90C080106656}
	EndGlobalSection
EndGlobal
